
Microsoft Visual Studio Solution File, Format Version 12.00
# Visual Studio Version 17
VisualStudioVersion = 17.5.33414.496
MinimumVisualStudioVersion = 10.0.40219.1
Project("{9A19103F-16F7-4668-BE54-9A1E7A4F7556}") = "DomainLayer", "Domein\DomainLayer.csproj", "{C797B752-C6E6-4173-BD4E-408435D7483A}"
EndProject
Project("{9A19103F-16F7-4668-BE54-9A1E7A4F7556}") = "PersistenceLayer", "PersistenceLayer\PersistenceLayer.csproj", "{D03CB576-86A5-482F-8499-4EFB2802D229}"
EndProject
Project("{9A19103F-16F7-4668-BE54-9A1E7A4F7556}") = "Test CUI", "Test CUI\Test CUI.csproj", "{3F3F15FB-9B3C-4EF5-A9D6-AA053F42DF36}"
EndProject
Project("{9A19103F-16F7-4668-BE54-9A1E7A4F7556}") = "API.REST", "API.REST\API.REST.csproj", "{9CBD05F7-201B-4AC6-8326-8A452560152B}"
EndProject
Project("{9A19103F-16F7-4668-BE54-9A1E7A4F7556}") = "WebAPI1", "WebAPI1\WebAPI1.csproj", "{3AD0874B-43B9-4D3C-9953-1E3D721782B4}"
EndProject
Project("{FAE04EC0-301F-11D3-BF4B-00C04F79EFBC}") = "PeasieLib", "PeasieLib1\PeasieLib.csproj", "{D4732586-BFCC-4330-AFA7-DE577A49F187}"
EndProject
Project("{FAE04EC0-301F-11D3-BF4B-00C04F79EFBC}") = "Peasie.Contracts", "ClassLibrary1\Peasie.Contracts.csproj", "{8C62FCD4-6084-4E68-A0B7-17BD07D03CE6}"
EndProject
Global
	GlobalSection(SolutionConfigurationPlatforms) = preSolution
		Debug|Any CPU = Debug|Any CPU
		Release|Any CPU = Release|Any CPU
	EndGlobalSection
	GlobalSection(ProjectConfigurationPlatforms) = postSolution
		{C797B752-C6E6-4173-BD4E-408435D7483A}.Debug|Any CPU.ActiveCfg = Debug|Any CPU
		{C797B752-C6E6-4173-BD4E-408435D7483A}.Debug|Any CPU.Build.0 = Debug|Any CPU
		{C797B752-C6E6-4173-BD4E-408435D7483A}.Release|Any CPU.ActiveCfg = Release|Any CPU
		{C797B752-C6E6-4173-BD4E-408435D7483A}.Release|Any CPU.Build.0 = Release|Any CPU
		{D03CB576-86A5-482F-8499-4EFB2802D229}.Debug|Any CPU.ActiveCfg = Debug|Any CPU
		{D03CB576-86A5-482F-8499-4EFB2802D229}.Debug|Any CPU.Build.0 = Debug|Any CPU
		{D03CB576-86A5-482F-8499-4EFB2802D229}.Release|Any CPU.ActiveCfg = Release|Any CPU
		{D03CB576-86A5-482F-8499-4EFB2802D229}.Release|Any CPU.Build.0 = Release|Any CPU
		{3F3F15FB-9B3C-4EF5-A9D6-AA053F42DF36}.Debug|Any CPU.ActiveCfg = Debug|Any CPU
		{3F3F15FB-9B3C-4EF5-A9D6-AA053F42DF36}.Debug|Any CPU.Build.0 = Debug|Any CPU
		{3F3F15FB-9B3C-4EF5-A9D6-AA053F42DF36}.Release|Any CPU.ActiveCfg = Release|Any CPU
		{3F3F15FB-9B3C-4EF5-A9D6-AA053F42DF36}.Release|Any CPU.Build.0 = Release|Any CPU
		{9CBD05F7-201B-4AC6-8326-8A452560152B}.Debug|Any CPU.ActiveCfg = Debug|Any CPU
		{9CBD05F7-201B-4AC6-8326-8A452560152B}.Debug|Any CPU.Build.0 = Debug|Any CPU
		{9CBD05F7-201B-4AC6-8326-8A452560152B}.Release|Any CPU.ActiveCfg = Release|Any CPU
		{9CBD05F7-201B-4AC6-8326-8A452560152B}.Release|Any CPU.Build.0 = Release|Any CPU
		{3AD0874B-43B9-4D3C-9953-1E3D721782B4}.Debug|Any CPU.ActiveCfg = Debug|Any CPU
		{3AD0874B-43B9-4D3C-9953-1E3D721782B4}.Debug|Any CPU.Build.0 = Debug|Any CPU
		{3AD0874B-43B9-4D3C-9953-1E3D721782B4}.Release|Any CPU.ActiveCfg = Release|Any CPU
		{3AD0874B-43B9-4D3C-9953-1E3D721782B4}.Release|Any CPU.Build.0 = Release|Any CPU
		{D4732586-BFCC-4330-AFA7-DE577A49F187}.Debug|Any CPU.ActiveCfg = Debug|Any CPU
		{D4732586-BFCC-4330-AFA7-DE577A49F187}.Debug|Any CPU.Build.0 = Debug|Any CPU
		{D4732586-BFCC-4330-AFA7-DE577A49F187}.Release|Any CPU.ActiveCfg = Release|Any CPU
		{D4732586-BFCC-4330-AFA7-DE577A49F187}.Release|Any CPU.Build.0 = Release|Any CPU
		{8C62FCD4-6084-4E68-A0B7-17BD07D03CE6}.Debug|Any CPU.ActiveCfg = Debug|Any CPU
		{8C62FCD4-6084-4E68-A0B7-17BD07D03CE6}.Debug|Any CPU.Build.0 = Debug|Any CPU
		{8C62FCD4-6084-4E68-A0B7-17BD07D03CE6}.Release|Any CPU.ActiveCfg = Release|Any CPU
		{8C62FCD4-6084-4E68-A0B7-17BD07D03CE6}.Release|Any CPU.Build.0 = Release|Any CPU
	EndGlobalSection
	GlobalSection(SolutionProperties) = preSolution
		HideSolutionNode = FALSE
	EndGlobalSection
	GlobalSection(ExtensibilityGlobals) = postSolution
		SolutionGuid = {C268C3A0-DA17-4D02-BF20-1BE7172E24E7}
	EndGlobalSection
EndGlobal
